
Microsoft Visual Studio Solution File, Format Version 12.00
# Visual Studio Version 17
VisualStudioVersion = 17.3.32929.385
MinimumVisualStudioVersion = 10.0.40219.1
Project("{11A8DD76-328B-46DF-9F39-F559912D0360}") = "nanoFramework.TestFramework", "source\TestFramework\nanoFramework.TestFramework.nfproj", "{D66A7774-AFAB-466B-9CFB-3485B02F4AF4}"
EndProject
Project("{9A19103F-16F7-4668-BE54-9A1E7A4F7556}") = "nanoFramework.TestFramework.Tooling", "source\TestFramework.Tooling\nanoFramework.TestFramework.Tooling.csproj", "{D10594AF-5494-4A91-8456-D7CDC4CA0459}"
EndProject
Project("{2150E333-8FDC-42A3-9474-1A3956D46DE8}") = "nanoFramework", "nanoFramework", "{4C319569-4362-4DF2-B934-C7FB99844FE2}"
EndProject
Project("{2150E333-8FDC-42A3-9474-1A3956D46DE8}") = "Tests", "Tests", "{37F62F26-8203-4BA4-A84F-4D2763F66933}"
EndProject
Project("{FAE04EC0-301F-11D3-BF4B-00C04F79EFBC}") = "TestFramework.Tooling.Tests", "tests\TestFramework.Tooling.Tests\TestFramework.Tooling.Tests.csproj", "{AD199E32-91CE-4AB6-B315-40046D0DAE6E}"
EndProject
Project("{9A19103F-16F7-4668-BE54-9A1E7A4F7556}") = "nanoFramework.TestAdapter", "source\TestAdapter\nanoFramework.TestAdapter.csproj", "{64A65217-F645-485E-A99E-948D0B11297B}"
EndProject
Project("{11A8DD76-328B-46DF-9F39-F559912D0360}") = "TestFramework.Tooling.Tests.Discovery.v2", "tests\TestFramework.Tooling.Tests.Discovery.v2\TestFramework.Tooling.Tests.Discovery.v2.nfproj", "{D3285FB9-F3D3-4396-B837-852450ED9640}"
EndProject
Project("{11A8DD76-328B-46DF-9F39-F559912D0360}") = "TestFramework.Tooling.Tests.Discovery.v3", "tests\TestFramework.Tooling.Tests.Discovery.v3\TestFramework.Tooling.Tests.Discovery.v3.nfproj", "{7088D760-FCE7-4CDF-BCCC-E87C44082F26}"
EndProject
Project("{11A8DD76-328B-46DF-9F39-F559912D0360}") = "TestFramework.Tooling.Tests.Execution.v3", "tests\TestFramework.Tooling.Tests.Execution.v3\TestFramework.Tooling.Tests.Execution.v3.nfproj", "{C2FE1CFD-3FB9-48F4-B832-A8AE79920AB7}"
EndProject
Project("{11A8DD76-328B-46DF-9F39-F559912D0360}") = "TestFramework.Tooling.UnitTestLauncher.Tests", "tests\TestFramework.Tooling.UnitTestLauncher.Tests\TestFramework.Tooling.UnitTestLauncher.Tests.nfproj", "{846A188F-A98C-4ECE-B2AD-99A6BFF2CA93}"
EndProject
Project("{FAE04EC0-301F-11D3-BF4B-00C04F79EFBC}") = "nanoFramework.TestFramework.DebugProjectBuildTool", "source\TestFramework.DebugProjectBuildTool\nanoFramework.TestFramework.DebugProjectBuildTool.csproj", "{44CF7515-9E31-4BE6-A258-A2615B7F20D3}"
EndProject
Project("{2150E333-8FDC-42A3-9474-1A3956D46DE8}") = "MSBuild", "MSBuild", "{2AFF6364-DC0B-405B-8C6D-38D9CC21ED97}"
	ProjectSection(SolutionItems) = preProject
		source\Build\NFTestDebugProject.props = source\Build\NFTestDebugProject.props
		source\Build\NFTestDebugProject.targets = source\Build\NFTestDebugProject.targets
		source\Build\NFTestProject.props = source\Build\NFTestProject.props
		source\Build\NFTestProject.targets = source\Build\NFTestProject.targets
	EndProjectSection
EndProject
Project("{2150E333-8FDC-42A3-9474-1A3956D46DE8}") = "Libraries", "Libraries", "{20D2EBD1-3C26-4813-AF22-729559D3078B}"
EndProject
Project("{2150E333-8FDC-42A3-9474-1A3956D46DE8}") = "Visual Studio", "Visual Studio", "{FE629237-1443-4E60-BBE5-5EEFC5437C0E}"
EndProject
Project("{2150E333-8FDC-42A3-9474-1A3956D46DE8}") = "Unit tests", "Unit tests", "{FE19AC7D-D430-47E0-A643-EE85B95C72D3}"
EndProject
Project("{2150E333-8FDC-42A3-9474-1A3956D46DE8}") = "Required by other projects", "Required by other projects", "{27A81688-3790-4AB9-B9AD-256F3538A839}"
EndProject
Project("{2150E333-8FDC-42A3-9474-1A3956D46DE8}") = "Debug projects", "Debug projects", "{368FA8D4-329E-4F7A-95EF-DA453E76BDF2}"
EndProject
Project("{9A19103F-16F7-4668-BE54-9A1E7A4F7556}") = "nanoFramework.TestFramework.TestProjectBuildTool", "source\TestFramework.TestProjectBuildTool\nanoFramework.TestFramework.TestProjectBuildTool.csproj", "{A69CBF5D-CA41-4456-9924-40E72202CC06}"
EndProject
Project("{FAE04EC0-301F-11D3-BF4B-00C04F79EFBC}") = "TestFramework.Tooling.BuildTools.Tests", "tests\TestFramework.Tooling.BuildTools.Tests\TestFramework.Tooling.BuildTools.Tests.csproj", "{53AB08B0-EFCD-43FF-AA25-91BE7B657A8E}"
EndProject
Global
	GlobalSection(SolutionConfigurationPlatforms) = preSolution
		Debug|Any CPU = Debug|Any CPU
		Debug|x64 = Debug|x64
		Release|Any CPU = Release|Any CPU
		Release|x64 = Release|x64
	EndGlobalSection
	GlobalSection(ProjectConfigurationPlatforms) = postSolution
		{D66A7774-AFAB-466B-9CFB-3485B02F4AF4}.Debug|Any CPU.ActiveCfg = Debug|Any CPU
		{D66A7774-AFAB-466B-9CFB-3485B02F4AF4}.Debug|Any CPU.Build.0 = Debug|Any CPU
		{D66A7774-AFAB-466B-9CFB-3485B02F4AF4}.Debug|Any CPU.Deploy.0 = Debug|Any CPU
		{D66A7774-AFAB-466B-9CFB-3485B02F4AF4}.Debug|x64.ActiveCfg = Debug|Any CPU
		{D66A7774-AFAB-466B-9CFB-3485B02F4AF4}.Debug|x64.Build.0 = Debug|Any CPU
		{D66A7774-AFAB-466B-9CFB-3485B02F4AF4}.Debug|x64.Deploy.0 = Debug|Any CPU
		{D66A7774-AFAB-466B-9CFB-3485B02F4AF4}.Release|Any CPU.ActiveCfg = Release|Any CPU
		{D66A7774-AFAB-466B-9CFB-3485B02F4AF4}.Release|Any CPU.Build.0 = Release|Any CPU
		{D66A7774-AFAB-466B-9CFB-3485B02F4AF4}.Release|Any CPU.Deploy.0 = Release|Any CPU
		{D66A7774-AFAB-466B-9CFB-3485B02F4AF4}.Release|x64.ActiveCfg = Release|Any CPU
		{D66A7774-AFAB-466B-9CFB-3485B02F4AF4}.Release|x64.Build.0 = Release|Any CPU
		{D66A7774-AFAB-466B-9CFB-3485B02F4AF4}.Release|x64.Deploy.0 = Release|Any CPU
		{D10594AF-5494-4A91-8456-D7CDC4CA0459}.Debug|Any CPU.ActiveCfg = Debug|Any CPU
		{D10594AF-5494-4A91-8456-D7CDC4CA0459}.Debug|Any CPU.Build.0 = Debug|Any CPU
		{D10594AF-5494-4A91-8456-D7CDC4CA0459}.Debug|x64.ActiveCfg = Debug|Any CPU
		{D10594AF-5494-4A91-8456-D7CDC4CA0459}.Debug|x64.Build.0 = Debug|Any CPU
		{D10594AF-5494-4A91-8456-D7CDC4CA0459}.Release|Any CPU.ActiveCfg = Release|Any CPU
		{D10594AF-5494-4A91-8456-D7CDC4CA0459}.Release|Any CPU.Build.0 = Release|Any CPU
		{D10594AF-5494-4A91-8456-D7CDC4CA0459}.Release|x64.ActiveCfg = Release|Any CPU
		{D10594AF-5494-4A91-8456-D7CDC4CA0459}.Release|x64.Build.0 = Release|Any CPU
		{AD199E32-91CE-4AB6-B315-40046D0DAE6E}.Debug|Any CPU.ActiveCfg = Debug|Any CPU
		{AD199E32-91CE-4AB6-B315-40046D0DAE6E}.Debug|Any CPU.Build.0 = Debug|Any CPU
		{AD199E32-91CE-4AB6-B315-40046D0DAE6E}.Debug|x64.ActiveCfg = Debug|Any CPU
		{AD199E32-91CE-4AB6-B315-40046D0DAE6E}.Debug|x64.Build.0 = Debug|Any CPU
		{AD199E32-91CE-4AB6-B315-40046D0DAE6E}.Release|Any CPU.ActiveCfg = Release|Any CPU
		{AD199E32-91CE-4AB6-B315-40046D0DAE6E}.Release|Any CPU.Build.0 = Release|Any CPU
		{AD199E32-91CE-4AB6-B315-40046D0DAE6E}.Release|x64.ActiveCfg = Release|Any CPU
		{AD199E32-91CE-4AB6-B315-40046D0DAE6E}.Release|x64.Build.0 = Release|Any CPU
		{64A65217-F645-485E-A99E-948D0B11297B}.Debug|Any CPU.ActiveCfg = Debug|Any CPU
		{64A65217-F645-485E-A99E-948D0B11297B}.Debug|Any CPU.Build.0 = Debug|Any CPU
		{64A65217-F645-485E-A99E-948D0B11297B}.Debug|x64.ActiveCfg = Debug|Any CPU
		{64A65217-F645-485E-A99E-948D0B11297B}.Debug|x64.Build.0 = Debug|Any CPU
		{64A65217-F645-485E-A99E-948D0B11297B}.Release|Any CPU.ActiveCfg = Release|Any CPU
		{64A65217-F645-485E-A99E-948D0B11297B}.Release|Any CPU.Build.0 = Release|Any CPU
		{64A65217-F645-485E-A99E-948D0B11297B}.Release|x64.ActiveCfg = Release|Any CPU
		{64A65217-F645-485E-A99E-948D0B11297B}.Release|x64.Build.0 = Release|Any CPU
		{D3285FB9-F3D3-4396-B837-852450ED9640}.Debug|Any CPU.ActiveCfg = Debug|Any CPU
		{D3285FB9-F3D3-4396-B837-852450ED9640}.Debug|Any CPU.Build.0 = Debug|Any CPU
		{D3285FB9-F3D3-4396-B837-852450ED9640}.Debug|Any CPU.Deploy.0 = Debug|Any CPU
		{D3285FB9-F3D3-4396-B837-852450ED9640}.Debug|x64.ActiveCfg = Debug|Any CPU
		{D3285FB9-F3D3-4396-B837-852450ED9640}.Debug|x64.Build.0 = Debug|Any CPU
		{D3285FB9-F3D3-4396-B837-852450ED9640}.Debug|x64.Deploy.0 = Debug|Any CPU
		{D3285FB9-F3D3-4396-B837-852450ED9640}.Release|Any CPU.ActiveCfg = Release|Any CPU
		{D3285FB9-F3D3-4396-B837-852450ED9640}.Release|Any CPU.Build.0 = Release|Any CPU
		{D3285FB9-F3D3-4396-B837-852450ED9640}.Release|Any CPU.Deploy.0 = Release|Any CPU
		{D3285FB9-F3D3-4396-B837-852450ED9640}.Release|x64.ActiveCfg = Release|Any CPU
		{D3285FB9-F3D3-4396-B837-852450ED9640}.Release|x64.Build.0 = Release|Any CPU
		{D3285FB9-F3D3-4396-B837-852450ED9640}.Release|x64.Deploy.0 = Release|Any CPU
		{7088D760-FCE7-4CDF-BCCC-E87C44082F26}.Debug|Any CPU.ActiveCfg = Debug|Any CPU
		{7088D760-FCE7-4CDF-BCCC-E87C44082F26}.Debug|Any CPU.Build.0 = Debug|Any CPU
		{7088D760-FCE7-4CDF-BCCC-E87C44082F26}.Debug|Any CPU.Deploy.0 = Debug|Any CPU
		{7088D760-FCE7-4CDF-BCCC-E87C44082F26}.Debug|x64.ActiveCfg = Debug|Any CPU
		{7088D760-FCE7-4CDF-BCCC-E87C44082F26}.Debug|x64.Build.0 = Debug|Any CPU
		{7088D760-FCE7-4CDF-BCCC-E87C44082F26}.Debug|x64.Deploy.0 = Debug|Any CPU
		{7088D760-FCE7-4CDF-BCCC-E87C44082F26}.Release|Any CPU.ActiveCfg = Release|Any CPU
		{7088D760-FCE7-4CDF-BCCC-E87C44082F26}.Release|Any CPU.Build.0 = Release|Any CPU
		{7088D760-FCE7-4CDF-BCCC-E87C44082F26}.Release|Any CPU.Deploy.0 = Release|Any CPU
		{7088D760-FCE7-4CDF-BCCC-E87C44082F26}.Release|x64.ActiveCfg = Release|Any CPU
		{7088D760-FCE7-4CDF-BCCC-E87C44082F26}.Release|x64.Build.0 = Release|Any CPU
		{7088D760-FCE7-4CDF-BCCC-E87C44082F26}.Release|x64.Deploy.0 = Release|Any CPU
		{C2FE1CFD-3FB9-48F4-B832-A8AE79920AB7}.Debug|Any CPU.ActiveCfg = Debug|Any CPU
		{C2FE1CFD-3FB9-48F4-B832-A8AE79920AB7}.Debug|Any CPU.Build.0 = Debug|Any CPU
		{C2FE1CFD-3FB9-48F4-B832-A8AE79920AB7}.Debug|Any CPU.Deploy.0 = Debug|Any CPU
		{C2FE1CFD-3FB9-48F4-B832-A8AE79920AB7}.Debug|x64.ActiveCfg = Debug|Any CPU
		{C2FE1CFD-3FB9-48F4-B832-A8AE79920AB7}.Debug|x64.Build.0 = Debug|Any CPU
		{C2FE1CFD-3FB9-48F4-B832-A8AE79920AB7}.Debug|x64.Deploy.0 = Debug|Any CPU
		{C2FE1CFD-3FB9-48F4-B832-A8AE79920AB7}.Release|Any CPU.ActiveCfg = Release|Any CPU
		{C2FE1CFD-3FB9-48F4-B832-A8AE79920AB7}.Release|Any CPU.Build.0 = Release|Any CPU
		{C2FE1CFD-3FB9-48F4-B832-A8AE79920AB7}.Release|Any CPU.Deploy.0 = Release|Any CPU
		{C2FE1CFD-3FB9-48F4-B832-A8AE79920AB7}.Release|x64.ActiveCfg = Release|Any CPU
		{C2FE1CFD-3FB9-48F4-B832-A8AE79920AB7}.Release|x64.Build.0 = Release|Any CPU
		{C2FE1CFD-3FB9-48F4-B832-A8AE79920AB7}.Release|x64.Deploy.0 = Release|Any CPU
		{846A188F-A98C-4ECE-B2AD-99A6BFF2CA93}.Debug|Any CPU.ActiveCfg = Debug|Any CPU
		{846A188F-A98C-4ECE-B2AD-99A6BFF2CA93}.Debug|Any CPU.Build.0 = Debug|Any CPU
		{846A188F-A98C-4ECE-B2AD-99A6BFF2CA93}.Debug|Any CPU.Deploy.0 = Debug|Any CPU
		{846A188F-A98C-4ECE-B2AD-99A6BFF2CA93}.Debug|x64.ActiveCfg = Debug|Any CPU
		{846A188F-A98C-4ECE-B2AD-99A6BFF2CA93}.Debug|x64.Build.0 = Debug|Any CPU
		{846A188F-A98C-4ECE-B2AD-99A6BFF2CA93}.Debug|x64.Deploy.0 = Debug|Any CPU
		{846A188F-A98C-4ECE-B2AD-99A6BFF2CA93}.Release|Any CPU.ActiveCfg = Release|Any CPU
		{846A188F-A98C-4ECE-B2AD-99A6BFF2CA93}.Release|Any CPU.Build.0 = Release|Any CPU
		{846A188F-A98C-4ECE-B2AD-99A6BFF2CA93}.Release|Any CPU.Deploy.0 = Release|Any CPU
		{846A188F-A98C-4ECE-B2AD-99A6BFF2CA93}.Release|x64.ActiveCfg = Release|Any CPU
		{846A188F-A98C-4ECE-B2AD-99A6BFF2CA93}.Release|x64.Build.0 = Release|Any CPU
		{846A188F-A98C-4ECE-B2AD-99A6BFF2CA93}.Release|x64.Deploy.0 = Release|Any CPU
		{44CF7515-9E31-4BE6-A258-A2615B7F20D3}.Debug|Any CPU.ActiveCfg = Debug|Any CPU
		{44CF7515-9E31-4BE6-A258-A2615B7F20D3}.Debug|Any CPU.Build.0 = Debug|Any CPU
		{44CF7515-9E31-4BE6-A258-A2615B7F20D3}.Debug|x64.ActiveCfg = Debug|Any CPU
		{44CF7515-9E31-4BE6-A258-A2615B7F20D3}.Debug|x64.Build.0 = Debug|Any CPU
		{44CF7515-9E31-4BE6-A258-A2615B7F20D3}.Release|Any CPU.ActiveCfg = Release|Any CPU
		{44CF7515-9E31-4BE6-A258-A2615B7F20D3}.Release|Any CPU.Build.0 = Release|Any CPU
		{44CF7515-9E31-4BE6-A258-A2615B7F20D3}.Release|x64.ActiveCfg = Release|Any CPU
		{44CF7515-9E31-4BE6-A258-A2615B7F20D3}.Release|x64.Build.0 = Release|Any CPU
		{A69CBF5D-CA41-4456-9924-40E72202CC06}.Debug|Any CPU.ActiveCfg = Debug|Any CPU
		{A69CBF5D-CA41-4456-9924-40E72202CC06}.Debug|Any CPU.Build.0 = Debug|Any CPU
		{A69CBF5D-CA41-4456-9924-40E72202CC06}.Debug|x64.ActiveCfg = Debug|Any CPU
		{A69CBF5D-CA41-4456-9924-40E72202CC06}.Debug|x64.Build.0 = Debug|Any CPU
		{A69CBF5D-CA41-4456-9924-40E72202CC06}.Release|Any CPU.ActiveCfg = Release|Any CPU
		{A69CBF5D-CA41-4456-9924-40E72202CC06}.Release|Any CPU.Build.0 = Release|Any CPU
		{A69CBF5D-CA41-4456-9924-40E72202CC06}.Release|x64.ActiveCfg = Release|Any CPU
		{A69CBF5D-CA41-4456-9924-40E72202CC06}.Release|x64.Build.0 = Release|Any CPU
		{53AB08B0-EFCD-43FF-AA25-91BE7B657A8E}.Debug|Any CPU.ActiveCfg = Debug|Any CPU
		{53AB08B0-EFCD-43FF-AA25-91BE7B657A8E}.Debug|Any CPU.Build.0 = Debug|Any CPU
		{53AB08B0-EFCD-43FF-AA25-91BE7B657A8E}.Debug|x64.ActiveCfg = Debug|Any CPU
		{53AB08B0-EFCD-43FF-AA25-91BE7B657A8E}.Debug|x64.Build.0 = Debug|Any CPU
		{53AB08B0-EFCD-43FF-AA25-91BE7B657A8E}.Release|Any CPU.ActiveCfg = Release|Any CPU
		{53AB08B0-EFCD-43FF-AA25-91BE7B657A8E}.Release|Any CPU.Build.0 = Release|Any CPU
		{53AB08B0-EFCD-43FF-AA25-91BE7B657A8E}.Release|x64.ActiveCfg = Release|Any CPU
		{53AB08B0-EFCD-43FF-AA25-91BE7B657A8E}.Release|x64.Build.0 = Release|Any CPU
	EndGlobalSection
	GlobalSection(SolutionProperties) = preSolution
		HideSolutionNode = FALSE
	EndGlobalSection
	GlobalSection(NestedProjects) = preSolution
		{D66A7774-AFAB-466B-9CFB-3485B02F4AF4} = {20D2EBD1-3C26-4813-AF22-729559D3078B}
		{D10594AF-5494-4A91-8456-D7CDC4CA0459} = {20D2EBD1-3C26-4813-AF22-729559D3078B}
		{AD199E32-91CE-4AB6-B315-40046D0DAE6E} = {FE19AC7D-D430-47E0-A643-EE85B95C72D3}
		{64A65217-F645-485E-A99E-948D0B11297B} = {FE629237-1443-4E60-BBE5-5EEFC5437C0E}
		{D3285FB9-F3D3-4396-B837-852450ED9640} = {27A81688-3790-4AB9-B9AD-256F3538A839}
		{7088D760-FCE7-4CDF-BCCC-E87C44082F26} = {27A81688-3790-4AB9-B9AD-256F3538A839}
		{C2FE1CFD-3FB9-48F4-B832-A8AE79920AB7} = {27A81688-3790-4AB9-B9AD-256F3538A839}
		{846A188F-A98C-4ECE-B2AD-99A6BFF2CA93} = {368FA8D4-329E-4F7A-95EF-DA453E76BDF2}
		{44CF7515-9E31-4BE6-A258-A2615B7F20D3} = {2AFF6364-DC0B-405B-8C6D-38D9CC21ED97}
		{2AFF6364-DC0B-405B-8C6D-38D9CC21ED97} = {4C319569-4362-4DF2-B934-C7FB99844FE2}
		{20D2EBD1-3C26-4813-AF22-729559D3078B} = {4C319569-4362-4DF2-B934-C7FB99844FE2}
		{FE629237-1443-4E60-BBE5-5EEFC5437C0E} = {4C319569-4362-4DF2-B934-C7FB99844FE2}
		{FE19AC7D-D430-47E0-A643-EE85B95C72D3} = {37F62F26-8203-4BA4-A84F-4D2763F66933}
		{27A81688-3790-4AB9-B9AD-256F3538A839} = {37F62F26-8203-4BA4-A84F-4D2763F66933}
		{368FA8D4-329E-4F7A-95EF-DA453E76BDF2} = {37F62F26-8203-4BA4-A84F-4D2763F66933}
		{A69CBF5D-CA41-4456-9924-40E72202CC06} = {2AFF6364-DC0B-405B-8C6D-38D9CC21ED97}
		{53AB08B0-EFCD-43FF-AA25-91BE7B657A8E} = {FE19AC7D-D430-47E0-A643-EE85B95C72D3}
	EndGlobalSection
	GlobalSection(ExtensibilityGlobals) = postSolution
		SolutionGuid = {280DA13F-AFF7-4D5D-BA7F-BFC5E8F19995}
	EndGlobalSection
EndGlobal
